<Solution>
  <Folder Name="/src/" />
  <Folder Name="/src/backend/">
    <Project Path="src/backend/Verso.Api/Verso.Api.csproj" />
  </Folder>
  <Folder Name="/tests/" />
  <Folder Name="/tests/backend/">
    <Project Path="tests/backend/Verso.Api.Tests/Verso.Api.Tests.csproj" />
  </Folder>
</Solution>
